// !$*UTF8*$!
{
	archiveVersion = 1;
	classes = {
	};
	objectVersion = 46;
	objects = {

/* Begin PBXBuildFile section */
		CCB6AB981EF3CFE30000249C /* main.m in Sources */ = {isa = PBXBuildFile; fileRef = CCB6AB971EF3CFE30000249C /* main.m */; };
		CCB6AB9B1EF3CFE30000249C /* AppDelegate.m in Sources */ = {isa = PBXBuildFile; fileRef = CCB6AB9A1EF3CFE30000249C /* AppDelegate.m */; };
		CCB6AB9E1EF3CFE30000249C /* ViewController.m in Sources */ = {isa = PBXBuildFile; fileRef = CCB6AB9D1EF3CFE30000249C /* ViewController.m */; };
		CCB6ABA11EF3CFE30000249C /* Main.storyboard in Resources */ = {isa = PBXBuildFile; fileRef = CCB6AB9F1EF3CFE30000249C /* Main.storyboard */; };
		CCB6ABA31EF3CFE30000249C /* Assets.xcassets in Resources */ = {isa = PBXBuildFile; fileRef = CCB6ABA21EF3CFE30000249C /* Assets.xcassets */; };
		CCB6ABA61EF3CFE30000249C /* LaunchScreen.storyboard in Resources */ = {isa = PBXBuildFile; fileRef = CCB6ABA41EF3CFE30000249C /* LaunchScreen.storyboard */; };
		CCB6ABB61EF3D03B0000249C /* CloudKit.framework in Frameworks */ = {isa = PBXBuildFile; fileRef = CCB6ABB51EF3D03B0000249C /* CloudKit.framework */; };
		CCB6ABB91EF3D0700000249C /* UserInfoModel.m in Sources */ = {isa = PBXBuildFile; fileRef = CCB6ABB81EF3D0700000249C /* UserInfoModel.m */; };
		CCB6ABBB1EF3DC3A0000249C /* beauty.jpg in Resources */ = {isa = PBXBuildFile; fileRef = CCB6ABBA1EF3DC3A0000249C /* beauty.jpg */; };
		CCB6ABBD1EF3E1020000249C /* yaoyiyao_content_0.png in Resources */ = {isa = PBXBuildFile; fileRef = CCB6ABBC1EF3E1020000249C /* yaoyiyao_content_0.png */; };
/* End PBXBuildFile section */

/* Begin PBXFileReference section */
		CCB6AB931EF3CFE30000249C /* iCloudKitDemo.app */ = {isa = PBXFileReference; explicitFileType = wrapper.application; includeInIndex = 0; path = iCloudKitDemo.app; sourceTree = BUILT_PRODUCTS_DIR; };
		CCB6AB971EF3CFE30000249C /* main.m */ = {isa = PBXFileReference; lastKnownFileType = sourcecode.c.objc; path = main.m; sourceTree = "<group>"; };
		CCB6AB991EF3CFE30000249C /* AppDelegate.h */ = {isa = PBXFileReference; lastKnownFileType = sourcecode.c.h; path = AppDelegate.h; sourceTree = "<group>"; };
		CCB6AB9A1EF3CFE30000249C /* AppDelegate.m */ = {isa = PBXFileReference; lastKnownFileType = sourcecode.c.objc; path = AppDelegate.m; sourceTree = "<group>"; };
		CCB6AB9C1EF3CFE30000249C /* ViewController.h */ = {isa = PBXFileReference; lastKnownFileType = sourcecode.c.h; path = ViewController.h; sourceTree = "<group>"; };
		CCB6AB9D1EF3CFE30000249C /* ViewController.m */ = {isa = PBXFileReference; lastKnownFileType = sourcecode.c.objc; path = ViewController.m; sourceTree = "<group>"; };
		CCB6ABA01EF3CFE30000249C /* Base */ = {isa = PBXFileReference; lastKnownFileType = file.storyboard; name = Base; path = Base.lproj/Main.storyboard; sourceTree = "<group>"; };
		CCB6ABA21EF3CFE30000249C /* Assets.xcassets */ = {isa = PBXFileReference; lastKnownFileType = folder.assetcatalog; path = Assets.xcassets; sourceTree = "<group>"; };
		CCB6ABA51EF3CFE30000249C /* Base */ = {isa = PBXFileReference; lastKnownFileType = file.storyboard; name = Base; path = Base.lproj/LaunchScreen.storyboard; sourceTree = "<group>"; };
		CCB6ABA71EF3CFE30000249C /* Info.plist */ = {isa = PBXFileReference; lastKnownFileType = text.plist.xml; path = Info.plist; sourceTree = "<group>"; };
		CCB6ABAD1EF3CFFC0000249C /* iCloudKitDemo.entitlements */ = {isa = PBXFileReference; lastKnownFileType = text.plist.entitlements; path = iCloudKitDemo.entitlements; sourceTree = "<group>"; };
		CCB6ABB51EF3D03B0000249C /* CloudKit.framework */ = {isa = PBXFileReference; lastKnownFileType = wrapper.framework; name = CloudKit.framework; path = System/Library/Frameworks/CloudKit.framework; sourceTree = SDKROOT; };
		CCB6ABB71EF3D0700000249C /* UserInfoModel.h */ = {isa = PBXFileReference; fileEncoding = 4; lastKnownFileType = sourcecode.c.h; path = UserInfoModel.h; sourceTree = "<group>"; };
		CCB6ABB81EF3D0700000249C /* UserInfoModel.m */ = {isa = PBXFileReference; fileEncoding = 4; lastKnownFileType = sourcecode.c.objc; path = UserInfoModel.m; sourceTree = "<group>"; };
		CCB6ABBA1EF3DC3A0000249C /* beauty.jpg */ = {isa = PBXFileReference; lastKnownFileType = image.jpeg; path = beauty.jpg; sourceTree = "<group>"; };
		CCB6ABBC1EF3E1020000249C /* yaoyiyao_content_0.png */ = {isa = PBXFileReference; lastKnownFileType = image.png; path = yaoyiyao_content_0.png; sourceTree = "<group>"; };
/* End PBXFileReference section */

/* Begin PBXFrameworksBuildPhase section */
		CCB6AB901EF3CFE30000249C /* Frameworks */ = {
			isa = PBXFrameworksBuildPhase;
			buildActionMask = 2147483647;
			files = (
				CCB6ABB61EF3D03B0000249C /* CloudKit.framework in Frameworks */,
			);
			runOnlyForDeploymentPostprocessing = 0;
		};
/* End PBXFrameworksBuildPhase section */

/* Begin PBXGroup section */
		CCB6AB8A1EF3CFE20000249C = {
			isa = PBXGroup;
			children = (
				CCB6AB951EF3CFE30000249C /* iCloudKitDemo */,
				CCB6AB941EF3CFE30000249C /* Products */,
				CCB6ABAE1EF3CFFD0000249C /* Frameworks */,
			);
			sourceTree = "<group>";
		};
		CCB6AB941EF3CFE30000249C /* Products */ = {
			isa = PBXGroup;
			children = (
				CCB6AB931EF3CFE30000249C /* iCloudKitDemo.app */,
			);
			name = Products;
			sourceTree = "<group>";
		};
		CCB6AB951EF3CFE30000249C /* iCloudKitDemo */ = {
			isa = PBXGroup;
			children = (
				CCB6ABAD1EF3CFFC0000249C /* iCloudKitDemo.entitlements */,
				CCB6ABBC1EF3E1020000249C /* yaoyiyao_content_0.png */,
				CCB6ABBA1EF3DC3A0000249C /* beauty.jpg */,
				CCB6AB991EF3CFE30000249C /* AppDelegate.h */,
				CCB6ABB71EF3D0700000249C /* UserInfoModel.h */,
				CCB6ABB81EF3D0700000249C /* UserInfoModel.m */,
				CCB6AB9A1EF3CFE30000249C /* AppDelegate.m */,
				CCB6AB9C1EF3CFE30000249C /* ViewController.h */,
				CCB6AB9D1EF3CFE30000249C /* ViewController.m */,
				CCB6AB9F1EF3CFE30000249C /* Main.storyboard */,
				CCB6ABA21EF3CFE30000249C /* Assets.xcassets */,
				CCB6ABA41EF3CFE30000249C /* LaunchScreen.storyboard */,
				CCB6ABA71EF3CFE30000249C /* Info.plist */,
				CCB6AB961EF3CFE30000249C /* Supporting Files */,
			);
			path = iCloudKitDemo;
			sourceTree = "<group>";
		};
		CCB6AB961EF3CFE30000249C /* Supporting Files */ = {
			isa = PBXGroup;
			children = (
				CCB6AB971EF3CFE30000249C /* main.m */,
			);
			name = "Supporting Files";
			sourceTree = "<group>";
		};
		CCB6ABAE1EF3CFFD0000249C /* Frameworks */ = {
			isa = PBXGroup;
			children = (
				CCB6ABB51EF3D03B0000249C /* CloudKit.framework */,
			);
			name = Frameworks;
			sourceTree = "<group>";
		};
/* End PBXGroup section */

/* Begin PBXNativeTarget section */
		CCB6AB921EF3CFE30000249C /* iCloudKitDemo */ = {
			isa = PBXNativeTarget;
			buildConfigurationList = CCB6ABAA1EF3CFE30000249C /* Build configuration list for PBXNativeTarget "iCloudKitDemo" */;
			buildPhases = (
				CCB6AB8F1EF3CFE30000249C /* Sources */,
				CCB6AB901EF3CFE30000249C /* Frameworks */,
				CCB6AB911EF3CFE30000249C /* Resources */,
			);
			buildRules = (
			);
			dependencies = (
			);
			name = iCloudKitDemo;
			productName = iCloudKitDemo;
			productReference = CCB6AB931EF3CFE30000249C /* iCloudKitDemo.app */;
			productType = "com.apple.product-type.application";
		};
/* End PBXNativeTarget section */

/* Begin PBXProject section */
		CCB6AB8B1EF3CFE20000249C /* Project object */ = {
			isa = PBXProject;
			attributes = {
				LastUpgradeCheck = 0830;
				ORGANIZATIONNAME = "张友波";
				TargetAttributes = {
					CCB6AB921EF3CFE30000249C = {
						CreatedOnToolsVersion = 8.3.2;
						DevelopmentTeam = 4GB3PHABNJ;
						ProvisioningStyle = Automatic;
						SystemCapabilities = {
							com.apple.Push = {
								enabled = 1;
							};
							com.apple.iCloud = {
								enabled = 1;
							};
						};
					};
				};
			};
			buildConfigurationList = CCB6AB8E1EF3CFE20000249C /* Build configuration list for PBXProject "iCloudKitDemo" */;
			compatibilityVersion = "Xcode 3.2";
			developmentRegion = English;
			hasScannedForEncodings = 0;
			knownRegions = (
				en,
				Base,
			);
			mainGroup = CCB6AB8A1EF3CFE20000249C;
			productRefGroup = CCB6AB941EF3CFE30000249C /* Products */;
			projectDirPath = "";
			projectRoot = "";
			targets = (
				CCB6AB921EF3CFE30000249C /* iCloudKitDemo */,
			);
		};
/* End PBXProject section */

/* Begin PBXResourcesBuildPhase section */
		CCB6AB911EF3CFE30000249C /* Resources */ = {
			isa = PBXResourcesBuildPhase;
			buildActionMask = 2147483647;
			files = (
				CCB6ABA61EF3CFE30000249C /* LaunchScreen.storyboard in Resources */,
				CCB6ABBD1EF3E1020000249C /* yaoyiyao_content_0.png in Resources */,
				CCB6ABA31EF3CFE30000249C /* Assets.xcassets in Resources */,
				CCB6ABA11EF3CFE30000249C /* Main.storyboard in Resources */,
				CCB6ABBB1EF3DC3A0000249C /* beauty.jpg in Resources */,
			);
			runOnlyForDeploymentPostprocessing = 0;
		};
/* End PBXResourcesBuildPhase section */

/* Begin PBXSourcesBuildPhase section */
		CCB6AB8F1EF3CFE30000249C /* Sources */ = {
			isa = PBXSourcesBuildPhase;
			buildActionMask = 2147483647;
			files = (
				CCB6AB9E1EF3CFE30000249C /* ViewController.m in Sources */,
				CCB6AB9B1EF3CFE30000249C /* AppDelegate.m in Sources */,
				CCB6ABB91EF3D0700000249C /* UserInfoModel.m in Sources */,
				CCB6AB981EF3CFE30000249C /* main.m in Sources */,
			);
			runOnlyForDeploymentPostprocessing = 0;
		};
/* End PBXSourcesBuildPhase section */

/* Begin PBXVariantGroup section */
		CCB6AB9F1EF3CFE30000249C /* Main.storyboard */ = {
			isa = PBXVariantGroup;
			children = (
				CCB6ABA01EF3CFE30000249C /* Base */,
			);
			name = Main.storyboard;
			sourceTree = "<group>";
		};
		CCB6ABA41EF3CFE30000249C /* LaunchScreen.storyboard */ = {
			isa = PBXVariantGroup;
			children = (
				CCB6ABA51EF3CFE30000249C /* Base */,
			);
			name = LaunchScreen.storyboard;
			sourceTree = "<group>";
		};
/* End PBXVariantGroup section */

/* Begin XCBuildConfiguration section */
		CCB6ABA81EF3CFE30000249C /* Debug */ = {
			isa = XCBuildConfiguration;
			buildSettings = {
				ALWAYS_SEARCH_USER_PATHS = NO;
				CLANG_ANALYZER_NONNULL = YES;
				CLANG_ANALYZER_NUMBER_OBJECT_CONVERSION = YES_AGGRESSIVE;
				CLANG_CXX_LANGUAGE_STANDARD = "gnu++0x";
				CLANG_CXX_LIBRARY = "libc++";
				CLANG_ENABLE_MODULES = YES;
				CLANG_ENABLE_OBJC_ARC = YES;
				CLANG_WARN_BOOL_CONVERSION = YES;
				CLANG_WARN_CONSTANT_CONVERSION = YES;
				CLANG_WARN_DIRECT_OBJC_ISA_USAGE = YES_ERROR;
				CLANG_WARN_DOCUMENTATION_COMMENTS = YES;
				CLANG_WARN_EMPTY_BODY = YES;
				CLANG_WARN_ENUM_CONVERSION = YES;
				CLANG_WARN_INFINITE_RECURSION = YES;
				CLANG_WARN_INT_CONVERSION = YES;
				CLANG_WARN_OBJC_ROOT_CLASS = YES_ERROR;
				CLANG_WARN_SUSPICIOUS_MOVE = YES;
				CLANG_WARN_UNREACHABLE_CODE = YES;
				CLANG_WARN__DUPLICATE_METHOD_MATCH = YES;
				"CODE_SIGN_IDENTITY[sdk=iphoneos*]" = "iPhone Developer";
				COPY_PHASE_STRIP = NO;
				DEBUG_INFORMATION_FORMAT = dwarf;
				ENABLE_STRICT_OBJC_MSGSEND = YES;
				ENABLE_TESTABILITY = YES;
				GCC_C_LANGUAGE_STANDARD = gnu99;
				GCC_DYNAMIC_NO_PIC = NO;
				GCC_NO_COMMON_BLOCKS = YES;
				GCC_OPTIMIZATION_LEVEL = 0;
				GCC_PREPROCESSOR_DEFINITIONS = (
					"DEBUG=1",
					"$(inherited)",
				);
				GCC_WARN_64_TO_32_BIT_CONVERSION = YES;
				GCC_WARN_ABOUT_RETURN_TYPE = YES_ERROR;
				GCC_WARN_UNDECLARED_SELECTOR = YES;
				GCC_WARN_UNINITIALIZED_AUTOS = YES_AGGRESSIVE;
				GCC_WARN_UNUSED_FUNCTION = YES;
				GCC_WARN_UNUSED_VARIABLE = YES;
				IPHONEOS_DEPLOYMENT_TARGET = 10.3;
				MTL_ENABLE_DEBUG_INFO = YES;
				ONLY_ACTIVE_ARCH = YES;
				SDKROOT = iphoneos;
			};
			name = Debug;
		};
		CCB6ABA91EF3CFE30000249C /* Release */ = {
			isa = XCBuildConfiguration;
			buildSettings = {
				ALWAYS_SEARCH_USER_PATHS = NO;
				CLANG_ANALYZER_NONNULL = YES;
				CLANG_ANALYZER_NUMBER_OBJECT_CONVERSION = YES_AGGRESSIVE;
				CLANG_CXX_LANGUAGE_STANDARD = "gnu++0x";
				CLANG_CXX_LIBRARY = "libc++";
				CLANG_ENABLE_MODULES = YES;
				CLANG_ENABLE_OBJC_ARC = YES;
				CLANG_WARN_BOOL_CONVERSION = YES;
				CLANG_WARN_CONSTANT_CONVERSION = YES;
				CLANG_WARN_DIRECT_OBJC_ISA_USAGE = YES_ERROR;
				CLANG_WARN_DOCUMENTATION_COMMENTS = YES;
				CLANG_WARN_EMPTY_BODY = YES;
				CLANG_WARN_ENUM_CONVERSION = YES;
				CLANG_WARN_INFINITE_RECURSION = YES;
				CLANG_WARN_INT_CONVERSION = YES;
				CLANG_WARN_OBJC_ROOT_CLASS = YES_ERROR;
				CLANG_WARN_SUSPICIOUS_MOVE = YES;
				CLANG_WARN_UNREACHABLE_CODE = YES;
				CLANG_WARN__DUPLICATE_METHOD_MATCH = YES;
				"CODE_SIGN_IDENTITY[sdk=iphoneos*]" = "iPhone Developer";
				COPY_PHASE_STRIP = NO;
				DEBUG_INFORMATION_FORMAT = "dwarf-with-dsym";
				ENABLE_NS_ASSERTIONS = NO;
				ENABLE_STRICT_OBJC_MSGSEND = YES;
				GCC_C_LANGUAGE_STANDARD = gnu99;
				GCC_NO_COMMON_BLOCKS = YES;
				GCC_WARN_64_TO_32_BIT_CONVERSION = YES;
				GCC_WARN_ABOUT_RETURN_TYPE = YES_ERROR;
				GCC_WARN_UNDECLARED_SELECTOR = YES;
				GCC_WARN_UNINITIALIZED_AUTOS = YES_AGGRESSIVE;
				GCC_WARN_UNUSED_FUNCTION = YES;
				GCC_WARN_UNUSED_VARIABLE = YES;
				IPHONEOS_DEPLOYMENT_TARGET = 10.3;
				MTL_ENABLE_DEBUG_INFO = NO;
				SDKROOT = iphoneos;
				VALIDATE_PRODUCT = YES;
			};
			name = Release;
		};
		CCB6ABAB1EF3CFE30000249C /* Debug */ = {
			isa = XCBuildConfiguration;
			buildSettings = {
				ASSETCATALOG_COMPILER_APPICON_NAME = AppIcon;
				CODE_SIGN_ENTITLEMENTS = iCloudKitDemo/iCloudKitDemo.entitlements;
				DEVELOPMENT_TEAM = 4GB3PHABNJ;
				FRAMEWORK_SEARCH_PATHS = (
					"$(inherited)",
					"$(PROJECT_DIR)",
				);
				INFOPLIST_FILE = iCloudKitDemo/Info.plist;
				IPHONEOS_DEPLOYMENT_TARGET = 10.3;
				LD_RUNPATH_SEARCH_PATHS = "$(inherited) @executable_path/Frameworks";
				PRODUCT_BUNDLE_IDENTIFIER = com.lianyun.iCloudTest;
				PRODUCT_NAME = "$(TARGET_NAME)";
			};
			name = Debug;
		};
		CCB6ABAC1EF3CFE30000249C /* Release */ = {
			isa = XCBuildConfiguration;
			buildSettings = {
				ASSETCATALOG_COMPILER_APPICON_NAME = AppIcon;
				CODE_SIGN_ENTITLEMENTS = iCloudKitDemo/iCloudKitDemo.entitlements;
				DEVELOPMENT_TEAM = 4GB3PHABNJ;
				FRAMEWORK_SEARCH_PATHS = (
					"$(inherited)",
					"$(PROJECT_DIR)",
				);
				INFOPLIST_FILE = iCloudKitDemo/Info.plist;
				IPHONEOS_DEPLOYMENT_TARGET = 10.3;
				LD_RUNPATH_SEARCH_PATHS = "$(inherited) @executable_path/Frameworks";
				PRODUCT_BUNDLE_IDENTIFIER = com.lianyun.iCloudTest;
				PRODUCT_NAME = "$(TARGET_NAME)";
			};
			name = Release;
		};
/* End XCBuildConfiguration section */

/* Begin XCConfigurationList section */
		CCB6AB8E1EF3CFE20000249C /* Build configuration list for PBXProject "iCloudKitDemo" */ = {
			isa = XCConfigurationList;
			buildConfigurations = (
				CCB6ABA81EF3CFE30000249C /* Debug */,
				CCB6ABA91EF3CFE30000249C /* Release */,
			);
			defaultConfigurationIsVisible = 0;
			defaultConfigurationName = Release;
		};
		CCB6ABAA1EF3CFE30000249C /* Build configuration list for PBXNativeTarget "iCloudKitDemo" */ = {
			isa = XCConfigurationList;
			buildConfigurations = (
				CCB6ABAB1EF3CFE30000249C /* Debug */,
				CCB6ABAC1EF3CFE30000249C /* Release */,
			);
			defaultConfigurationIsVisible = 0;
		};
/* End XCConfigurationList section */
	};
	rootObject = CCB6AB8B1EF3CFE20000249C /* Project object */;
}
